
Microsoft Visual Studio Solution File, Format Version 12.00
# Visual Studio Version 16
VisualStudioVersion = 16.0.29920.165
MinimumVisualStudioVersion = 10.0.40219.1
Project("{FAE04EC0-301F-11D3-BF4B-00C04F79EFBC}") = "IndianStatesCensusAnalyser", "IndianStatesCensusAnalyser.csproj", "{C14FE4BE-F3D9-42CE-9F85-B5521D48E25D}"
EndProject
Project("{FAE04EC0-301F-11D3-BF4B-00C04F79EFBC}") = "IndianStateCensusAnalyserTest", "..\IndianStateCensusAnalyserTest\IndianStateCensusAnalyserTest.csproj", "{7559CFCA-F261-4069-B5C1-73F6259F226F}"
EndProject
Global
	GlobalSection(SolutionConfigurationPlatforms) = preSolution
		Debug|Any CPU = Debug|Any CPU
		Release|Any CPU = Release|Any CPU
	EndGlobalSection
	GlobalSection(ProjectConfigurationPlatforms) = postSolution
		{C14FE4BE-F3D9-42CE-9F85-B5521D48E25D}.Debug|Any CPU.ActiveCfg = Debug|Any CPU
		{C14FE4BE-F3D9-42CE-9F85-B5521D48E25D}.Debug|Any CPU.Build.0 = Debug|Any CPU
		{C14FE4BE-F3D9-42CE-9F85-B5521D48E25D}.Release|Any CPU.ActiveCfg = Release|Any CPU
		{C14FE4BE-F3D9-42CE-9F85-B5521D48E25D}.Release|Any CPU.Build.0 = Release|Any CPU
		{7559CFCA-F261-4069-B5C1-73F6259F226F}.Debug|Any CPU.ActiveCfg = Debug|Any CPU
		{7559CFCA-F261-4069-B5C1-73F6259F226F}.Debug|Any CPU.Build.0 = Debug|Any CPU
		{7559CFCA-F261-4069-B5C1-73F6259F226F}.Release|Any CPU.ActiveCfg = Release|Any CPU
		{7559CFCA-F261-4069-B5C1-73F6259F226F}.Release|Any CPU.Build.0 = Release|Any CPU
	EndGlobalSection
	GlobalSection(SolutionProperties) = preSolution
		HideSolutionNode = FALSE
	EndGlobalSection
	GlobalSection(ExtensibilityGlobals) = postSolution
		SolutionGuid = {8E6C7078-4377-4AB5-8271-F73E3AD64DAA}
	EndGlobalSection
EndGlobal
